{
  "nodes": {
    "nixpkgs": {
      "locked": {
        "lastModified": 1640025796,
        "narHash": "sha256-uMBl46hDSOyGRFM8rSKKvb2vvotiOK76FdOTERkofuI=",
        "owner": "nixos",
        "repo": "nixpkgs",
        "rev": "df6791e6e5508a4a52decf410d06259d57377025",
        "type": "github"
      },
      "original": {
        "owner": "nixos",
        "ref": "release-21.11",
        "repo": "nixpkgs",
        "type": "github"
      }
    },
    "root": {
      "inputs": {
        "nixpkgs": "nixpkgs",
        "www-haztecaso": "www-haztecaso"
      }
    },
    "www-haztecaso": {
      "flake": false,
      "locked": {
        "narHash": "sha256-Ahh5rEBkgCvG9bKJf6RHvBULNBupNhRXjBcm6TaiBDQ=",
        "path": "/var/www/haztecaso.com",
        "type": "path"
      },
      "original": {
        "path": "/var/www/haztecaso.com",
        "type": "path"
      }
    }
  },
  "root": "root",
  "version": 7
}
